
Microsoft Visual Studio Solution File, Format Version 11.00
# Visual Studio 2010
Project("{FAE04EC0-301F-11D3-BF4B-00C04F79EFBC}") = "RecursiveUncommenter", "RecursiveUncommenter\RecursiveUncommenter.csproj", "{EBFC357C-A8D0-40E3-ACAB-DE4B255A04DA}"
EndProject
Project("{FAE04EC0-301F-11D3-BF4B-00C04F79EFBC}") = "RecursiveUncommenter.UnitTests", "RecursiveUncommenter.UnitTests\RecursiveUncommenter.UnitTests.csproj", "{4FD91D0A-D80B-4BDB-BEDE-9D25B5636233}"
EndProject
Global
	GlobalSection(SolutionConfigurationPlatforms) = preSolution
		Debug|Any CPU = Debug|Any CPU
		Release|Any CPU = Release|Any CPU
	EndGlobalSection
	GlobalSection(ProjectConfigurationPlatforms) = postSolution
		{EBFC357C-A8D0-40E3-ACAB-DE4B255A04DA}.Debug|Any CPU.ActiveCfg = Debug|Any CPU
		{EBFC357C-A8D0-40E3-ACAB-DE4B255A04DA}.Debug|Any CPU.Build.0 = Debug|Any CPU
		{EBFC357C-A8D0-40E3-ACAB-DE4B255A04DA}.Release|Any CPU.ActiveCfg = Release|Any CPU
		{EBFC357C-A8D0-40E3-ACAB-DE4B255A04DA}.Release|Any CPU.Build.0 = Release|Any CPU
		{4FD91D0A-D80B-4BDB-BEDE-9D25B5636233}.Debug|Any CPU.ActiveCfg = Debug|Any CPU
		{4FD91D0A-D80B-4BDB-BEDE-9D25B5636233}.Debug|Any CPU.Build.0 = Debug|Any CPU
		{4FD91D0A-D80B-4BDB-BEDE-9D25B5636233}.Release|Any CPU.ActiveCfg = Release|Any CPU
		{4FD91D0A-D80B-4BDB-BEDE-9D25B5636233}.Release|Any CPU.Build.0 = Release|Any CPU
	EndGlobalSection
	GlobalSection(SolutionProperties) = preSolution
		HideSolutionNode = FALSE
	EndGlobalSection
EndGlobal
